// !$*UTF8*$!
{
	archiveVersion = 1;
	classes = {
	};
	objectVersion = 50;
	objects = {

/* Begin PBXBuildFile section */
		0F4EE042255974D700121B69 /* question.json in Resources */ = {isa = PBXBuildFile; fileRef = 0F4EE040255974D700121B69 /* question.json */; };
		0F4EE043255974D700121B69 /* category.json in Resources */ = {isa = PBXBuildFile; fileRef = 0F4EE041255974D700121B69 /* category.json */; };
		0F4EE0482559752B00121B69 /* DataLoader.swift in Sources */ = {isa = PBXBuildFile; fileRef = 0F4EE0472559752B00121B69 /* DataLoader.swift */; };
		0F4EE04D2559764A00121B69 /* Category.swift in Sources */ = {isa = PBXBuildFile; fileRef = 0F4EE04C2559764A00121B69 /* Category.swift */; };
		0F4EE0522559765900121B69 /* Question.swift in Sources */ = {isa = PBXBuildFile; fileRef = 0F4EE0512559765900121B69 /* Question.swift */; };
		0FA150512557B70600C65476 /* AppDelegate.swift in Sources */ = {isa = PBXBuildFile; fileRef = 0FA150502557B70600C65476 /* AppDelegate.swift */; };
		0FA150532557B70600C65476 /* SceneDelegate.swift in Sources */ = {isa = PBXBuildFile; fileRef = 0FA150522557B70600C65476 /* SceneDelegate.swift */; };
		0FA150552557B70600C65476 /* ViewController.swift in Sources */ = {isa = PBXBuildFile; fileRef = 0FA150542557B70600C65476 /* ViewController.swift */; };
		0FA150582557B70600C65476 /* Main.storyboard in Resources */ = {isa = PBXBuildFile; fileRef = 0FA150562557B70600C65476 /* Main.storyboard */; };
		0FA1505A2557B70900C65476 /* Assets.xcassets in Resources */ = {isa = PBXBuildFile; fileRef = 0FA150592557B70900C65476 /* Assets.xcassets */; };
		0FA1505D2557B70900C65476 /* LaunchScreen.storyboard in Resources */ = {isa = PBXBuildFile; fileRef = 0FA1505B2557B70900C65476 /* LaunchScreen.storyboard */; };
		0FA150682557B70900C65476 /* QuizKidsTests.swift in Sources */ = {isa = PBXBuildFile; fileRef = 0FA150672557B70900C65476 /* QuizKidsTests.swift */; };
		0FA150732557B70900C65476 /* QuizKidsUITests.swift in Sources */ = {isa = PBXBuildFile; fileRef = 0FA150722557B70900C65476 /* QuizKidsUITests.swift */; };
		0FA2E2D725583D8100DDCEC5 /* categoryVC.swift in Sources */ = {isa = PBXBuildFile; fileRef = 0FA2E2D625583D8100DDCEC5 /* categoryVC.swift */; };
		0FA2E2DC25583D9D00DDCEC5 /* quizVC.swift in Sources */ = {isa = PBXBuildFile; fileRef = 0FA2E2DB25583D9D00DDCEC5 /* quizVC.swift */; };
/* End PBXBuildFile section */

/* Begin PBXContainerItemProxy section */
		0FA150642557B70900C65476 /* PBXContainerItemProxy */ = {
			isa = PBXContainerItemProxy;
			containerPortal = 0FA150452557B70600C65476 /* Project object */;
			proxyType = 1;
			remoteGlobalIDString = 0FA1504C2557B70600C65476;
			remoteInfo = QuizKids;
		};
		0FA1506F2557B70900C65476 /* PBXContainerItemProxy */ = {
			isa = PBXContainerItemProxy;
			containerPortal = 0FA150452557B70600C65476 /* Project object */;
			proxyType = 1;
			remoteGlobalIDString = 0FA1504C2557B70600C65476;
			remoteInfo = QuizKids;
		};
/* End PBXContainerItemProxy section */

/* Begin PBXFileReference section */
		0F4EE040255974D700121B69 /* question.json */ = {isa = PBXFileReference; fileEncoding = 4; lastKnownFileType = text.json; name = question.json; path = ../../../Asset/json/question.json; sourceTree = "<group>"; };
		0F4EE041255974D700121B69 /* category.json */ = {isa = PBXFileReference; fileEncoding = 4; lastKnownFileType = text.json; name = category.json; path = ../../../Asset/json/category.json; sourceTree = "<group>"; };
		0F4EE0472559752B00121B69 /* DataLoader.swift */ = {isa = PBXFileReference; lastKnownFileType = sourcecode.swift; path = DataLoader.swift; sourceTree = "<group>"; };
		0F4EE04C2559764A00121B69 /* Category.swift */ = {isa = PBXFileReference; lastKnownFileType = sourcecode.swift; path = Category.swift; sourceTree = "<group>"; };
		0F4EE0512559765900121B69 /* Question.swift */ = {isa = PBXFileReference; lastKnownFileType = sourcecode.swift; path = Question.swift; sourceTree = "<group>"; };
		0FA1504D2557B70600C65476 /* QuizKids.app */ = {isa = PBXFileReference; explicitFileType = wrapper.application; includeInIndex = 0; path = QuizKids.app; sourceTree = BUILT_PRODUCTS_DIR; };
		0FA150502557B70600C65476 /* AppDelegate.swift */ = {isa = PBXFileReference; lastKnownFileType = sourcecode.swift; path = AppDelegate.swift; sourceTree = "<group>"; };
		0FA150522557B70600C65476 /* SceneDelegate.swift */ = {isa = PBXFileReference; lastKnownFileType = sourcecode.swift; path = SceneDelegate.swift; sourceTree = "<group>"; };
		0FA150542557B70600C65476 /* ViewController.swift */ = {isa = PBXFileReference; lastKnownFileType = sourcecode.swift; path = ViewController.swift; sourceTree = "<group>"; };
		0FA150572557B70600C65476 /* Base */ = {isa = PBXFileReference; lastKnownFileType = file.storyboard; name = Base; path = Base.lproj/Main.storyboard; sourceTree = "<group>"; };
		0FA150592557B70900C65476 /* Assets.xcassets */ = {isa = PBXFileReference; lastKnownFileType = folder.assetcatalog; path = Assets.xcassets; sourceTree = "<group>"; };
		0FA1505C2557B70900C65476 /* Base */ = {isa = PBXFileReference; lastKnownFileType = file.storyboard; name = Base; path = Base.lproj/LaunchScreen.storyboard; sourceTree = "<group>"; };
		0FA1505E2557B70900C65476 /* Info.plist */ = {isa = PBXFileReference; lastKnownFileType = text.plist.xml; path = Info.plist; sourceTree = "<group>"; };
		0FA150632557B70900C65476 /* QuizKidsTests.xctest */ = {isa = PBXFileReference; explicitFileType = wrapper.cfbundle; includeInIndex = 0; path = QuizKidsTests.xctest; sourceTree = BUILT_PRODUCTS_DIR; };
		0FA150672557B70900C65476 /* QuizKidsTests.swift */ = {isa = PBXFileReference; lastKnownFileType = sourcecode.swift; path = QuizKidsTests.swift; sourceTree = "<group>"; };
		0FA150692557B70900C65476 /* Info.plist */ = {isa = PBXFileReference; lastKnownFileType = text.plist.xml; path = Info.plist; sourceTree = "<group>"; };
		0FA1506E2557B70900C65476 /* QuizKidsUITests.xctest */ = {isa = PBXFileReference; explicitFileType = wrapper.cfbundle; includeInIndex = 0; path = QuizKidsUITests.xctest; sourceTree = BUILT_PRODUCTS_DIR; };
		0FA150722557B70900C65476 /* QuizKidsUITests.swift */ = {isa = PBXFileReference; lastKnownFileType = sourcecode.swift; path = QuizKidsUITests.swift; sourceTree = "<group>"; };
		0FA150742557B70900C65476 /* Info.plist */ = {isa = PBXFileReference; lastKnownFileType = text.plist.xml; path = Info.plist; sourceTree = "<group>"; };
		0FA2E2D625583D8100DDCEC5 /* categoryVC.swift */ = {isa = PBXFileReference; lastKnownFileType = sourcecode.swift; path = categoryVC.swift; sourceTree = "<group>"; };
		0FA2E2DB25583D9D00DDCEC5 /* quizVC.swift */ = {isa = PBXFileReference; lastKnownFileType = sourcecode.swift; path = quizVC.swift; sourceTree = "<group>"; };
/* End PBXFileReference section */

/* Begin PBXFrameworksBuildPhase section */
		0FA1504A2557B70600C65476 /* Frameworks */ = {
			isa = PBXFrameworksBuildPhase;
			buildActionMask = 2147483647;
			files = (
			);
			runOnlyForDeploymentPostprocessing = 0;
		};
		0FA150602557B70900C65476 /* Frameworks */ = {
			isa = PBXFrameworksBuildPhase;
			buildActionMask = 2147483647;
			files = (
			);
			runOnlyForDeploymentPostprocessing = 0;
		};
		0FA1506B2557B70900C65476 /* Frameworks */ = {
			isa = PBXFrameworksBuildPhase;
			buildActionMask = 2147483647;
			files = (
			);
			runOnlyForDeploymentPostprocessing = 0;
		};
/* End PBXFrameworksBuildPhase section */

/* Begin PBXGroup section */
		0F4EE03E255974A600121B69 /* Util */ = {
			isa = PBXGroup;
			children = (
				0F4EE0472559752B00121B69 /* DataLoader.swift */,
			);
			path = Util;
			sourceTree = "<group>";
		};
		0F4EE03F255974AD00121B69 /* JSON */ = {
			isa = PBXGroup;
			children = (
				0F4EE041255974D700121B69 /* category.json */,
				0F4EE040255974D700121B69 /* question.json */,
			);
			path = JSON;
			sourceTree = "<group>";
		};
		0FA150442557B70600C65476 = {
			isa = PBXGroup;
			children = (
				0FA1504F2557B70600C65476 /* QuizKids */,
				0FA150662557B70900C65476 /* QuizKidsTests */,
				0FA150712557B70900C65476 /* QuizKidsUITests */,
				0FA1504E2557B70600C65476 /* Products */,
			);
			sourceTree = "<group>";
		};
		0FA1504E2557B70600C65476 /* Products */ = {
			isa = PBXGroup;
			children = (
				0FA1504D2557B70600C65476 /* QuizKids.app */,
				0FA150632557B70900C65476 /* QuizKidsTests.xctest */,
				0FA1506E2557B70900C65476 /* QuizKidsUITests.xctest */,
			);
			name = Products;
			sourceTree = "<group>";
		};
		0FA1504F2557B70600C65476 /* QuizKids */ = {
			isa = PBXGroup;
			children = (
				0F4EE03E255974A600121B69 /* Util */,
				0F4EE03F255974AD00121B69 /* JSON */,
				0FA2E2D325583CFD00DDCEC5 /* Model */,
				0FA2E2D525583D1000DDCEC5 /* Controller */,
				0FA2E2D425583D0700DDCEC5 /* View */,
				0FA150502557B70600C65476 /* AppDelegate.swift */,
				0FA150522557B70600C65476 /* SceneDelegate.swift */,
				0FA150592557B70900C65476 /* Assets.xcassets */,
				0FA1505B2557B70900C65476 /* LaunchScreen.storyboard */,
				0FA1505E2557B70900C65476 /* Info.plist */,
			);
			path = QuizKids;
			sourceTree = "<group>";
		};
		0FA150662557B70900C65476 /* QuizKidsTests */ = {
			isa = PBXGroup;
			children = (
				0FA150672557B70900C65476 /* QuizKidsTests.swift */,
				0FA150692557B70900C65476 /* Info.plist */,
			);
			path = QuizKidsTests;
			sourceTree = "<group>";
		};
		0FA150712557B70900C65476 /* QuizKidsUITests */ = {
			isa = PBXGroup;
			children = (
				0FA150722557B70900C65476 /* QuizKidsUITests.swift */,
				0FA150742557B70900C65476 /* Info.plist */,
			);
			path = QuizKidsUITests;
			sourceTree = "<group>";
		};
		0FA2E2D325583CFD00DDCEC5 /* Model */ = {
			isa = PBXGroup;
			children = (
				0F4EE04C2559764A00121B69 /* Category.swift */,
				0F4EE0512559765900121B69 /* Question.swift */,
			);
			path = Model;
			sourceTree = "<group>";
		};
		0FA2E2D425583D0700DDCEC5 /* View */ = {
			isa = PBXGroup;
			children = (
				0FA150562557B70600C65476 /* Main.storyboard */,
			);
			path = View;
			sourceTree = "<group>";
		};
		0FA2E2D525583D1000DDCEC5 /* Controller */ = {
			isa = PBXGroup;
			children = (
				0FA150542557B70600C65476 /* ViewController.swift */,
				0FA2E2D625583D8100DDCEC5 /* categoryVC.swift */,
				0FA2E2DB25583D9D00DDCEC5 /* quizVC.swift */,
			);
			path = Controller;
			sourceTree = "<group>";
		};
/* End PBXGroup section */

/* Begin PBXNativeTarget section */
		0FA1504C2557B70600C65476 /* QuizKids */ = {
			isa = PBXNativeTarget;
			buildConfigurationList = 0FA150772557B70900C65476 /* Build configuration list for PBXNativeTarget "QuizKids" */;
			buildPhases = (
				0FA150492557B70600C65476 /* Sources */,
				0FA1504A2557B70600C65476 /* Frameworks */,
				0FA1504B2557B70600C65476 /* Resources */,
			);
			buildRules = (
			);
			dependencies = (
			);
			name = QuizKids;
			productName = QuizKids;
			productReference = 0FA1504D2557B70600C65476 /* QuizKids.app */;
			productType = "com.apple.product-type.application";
		};
		0FA150622557B70900C65476 /* QuizKidsTests */ = {
			isa = PBXNativeTarget;
			buildConfigurationList = 0FA1507A2557B70900C65476 /* Build configuration list for PBXNativeTarget "QuizKidsTests" */;
			buildPhases = (
				0FA1505F2557B70900C65476 /* Sources */,
				0FA150602557B70900C65476 /* Frameworks */,
				0FA150612557B70900C65476 /* Resources */,
			);
			buildRules = (
			);
			dependencies = (
				0FA150652557B70900C65476 /* PBXTargetDependency */,
			);
			name = QuizKidsTests;
			productName = QuizKidsTests;
			productReference = 0FA150632557B70900C65476 /* QuizKidsTests.xctest */;
			productType = "com.apple.product-type.bundle.unit-test";
		};
		0FA1506D2557B70900C65476 /* QuizKidsUITests */ = {
			isa = PBXNativeTarget;
			buildConfigurationList = 0FA1507D2557B70900C65476 /* Build configuration list for PBXNativeTarget "QuizKidsUITests" */;
			buildPhases = (
				0FA1506A2557B70900C65476 /* Sources */,
				0FA1506B2557B70900C65476 /* Frameworks */,
				0FA1506C2557B70900C65476 /* Resources */,
			);
			buildRules = (
			);
			dependencies = (
				0FA150702557B70900C65476 /* PBXTargetDependency */,
			);
			name = QuizKidsUITests;
			productName = QuizKidsUITests;
			productReference = 0FA1506E2557B70900C65476 /* QuizKidsUITests.xctest */;
			productType = "com.apple.product-type.bundle.ui-testing";
		};
/* End PBXNativeTarget section */

/* Begin PBXProject section */
		0FA150452557B70600C65476 /* Project object */ = {
			isa = PBXProject;
			attributes = {
				LastSwiftUpdateCheck = 1200;
				LastUpgradeCheck = 1200;
				TargetAttributes = {
					0FA1504C2557B70600C65476 = {
						CreatedOnToolsVersion = 12.0.1;
					};
					0FA150622557B70900C65476 = {
						CreatedOnToolsVersion = 12.0.1;
						TestTargetID = 0FA1504C2557B70600C65476;
					};
					0FA1506D2557B70900C65476 = {
						CreatedOnToolsVersion = 12.0.1;
						TestTargetID = 0FA1504C2557B70600C65476;
					};
				};
			};
			buildConfigurationList = 0FA150482557B70600C65476 /* Build configuration list for PBXProject "QuizKids" */;
			compatibilityVersion = "Xcode 9.3";
			developmentRegion = en;
			hasScannedForEncodings = 0;
			knownRegions = (
				en,
				Base,
			);
			mainGroup = 0FA150442557B70600C65476;
			productRefGroup = 0FA1504E2557B70600C65476 /* Products */;
			projectDirPath = "";
			projectRoot = "";
			targets = (
				0FA1504C2557B70600C65476 /* QuizKids */,
				0FA150622557B70900C65476 /* QuizKidsTests */,
				0FA1506D2557B70900C65476 /* QuizKidsUITests */,
			);
		};
/* End PBXProject section */

/* Begin PBXResourcesBuildPhase section */
		0FA1504B2557B70600C65476 /* Resources */ = {
			isa = PBXResourcesBuildPhase;
			buildActionMask = 2147483647;
			files = (
				0FA1505D2557B70900C65476 /* LaunchScreen.storyboard in Resources */,
				0F4EE042255974D700121B69 /* question.json in Resources */,
				0F4EE043255974D700121B69 /* category.json in Resources */,
				0FA1505A2557B70900C65476 /* Assets.xcassets in Resources */,
				0FA150582557B70600C65476 /* Main.storyboard in Resources */,
			);
			runOnlyForDeploymentPostprocessing = 0;
		};
		0FA150612557B70900C65476 /* Resources */ = {
			isa = PBXResourcesBuildPhase;
			buildActionMask = 2147483647;
			files = (
			);
			runOnlyForDeploymentPostprocessing = 0;
		};
		0FA1506C2557B70900C65476 /* Resources */ = {
			isa = PBXResourcesBuildPhase;
			buildActionMask = 2147483647;
			files = (
			);
			runOnlyForDeploymentPostprocessing = 0;
		};
/* End PBXResourcesBuildPhase section */

/* Begin PBXSourcesBuildPhase section */
		0FA150492557B70600C65476 /* Sources */ = {
			isa = PBXSourcesBuildPhase;
			buildActionMask = 2147483647;
			files = (
				0FA150552557B70600C65476 /* ViewController.swift in Sources */,
				0F4EE0522559765900121B69 /* Question.swift in Sources */,
				0FA150512557B70600C65476 /* AppDelegate.swift in Sources */,
				0F4EE0482559752B00121B69 /* DataLoader.swift in Sources */,
				0FA2E2DC25583D9D00DDCEC5 /* quizVC.swift in Sources */,
				0FA2E2D725583D8100DDCEC5 /* categoryVC.swift in Sources */,
				0FA150532557B70600C65476 /* SceneDelegate.swift in Sources */,
				0F4EE04D2559764A00121B69 /* Category.swift in Sources */,
			);
			runOnlyForDeploymentPostprocessing = 0;
		};
		0FA1505F2557B70900C65476 /* Sources */ = {
			isa = PBXSourcesBuildPhase;
			buildActionMask = 2147483647;
			files = (
				0FA150682557B70900C65476 /* QuizKidsTests.swift in Sources */,
			);
			runOnlyForDeploymentPostprocessing = 0;
		};
		0FA1506A2557B70900C65476 /* Sources */ = {
			isa = PBXSourcesBuildPhase;
			buildActionMask = 2147483647;
			files = (
				0FA150732557B70900C65476 /* QuizKidsUITests.swift in Sources */,
			);
			runOnlyForDeploymentPostprocessing = 0;
		};
/* End PBXSourcesBuildPhase section */

/* Begin PBXTargetDependency section */
		0FA150652557B70900C65476 /* PBXTargetDependency */ = {
			isa = PBXTargetDependency;
			target = 0FA1504C2557B70600C65476 /* QuizKids */;
			targetProxy = 0FA150642557B70900C65476 /* PBXContainerItemProxy */;
		};
		0FA150702557B70900C65476 /* PBXTargetDependency */ = {
			isa = PBXTargetDependency;
			target = 0FA1504C2557B70600C65476 /* QuizKids */;
			targetProxy = 0FA1506F2557B70900C65476 /* PBXContainerItemProxy */;
		};
/* End PBXTargetDependency section */

/* Begin PBXVariantGroup section */
		0FA150562557B70600C65476 /* Main.storyboard */ = {
			isa = PBXVariantGroup;
			children = (
				0FA150572557B70600C65476 /* Base */,
			);
			name = Main.storyboard;
			sourceTree = "<group>";
		};
		0FA1505B2557B70900C65476 /* LaunchScreen.storyboard */ = {
			isa = PBXVariantGroup;
			children = (
				0FA1505C2557B70900C65476 /* Base */,
			);
			name = LaunchScreen.storyboard;
			sourceTree = "<group>";
		};
/* End PBXVariantGroup section */

/* Begin XCBuildConfiguration section */
		0FA150752557B70900C65476 /* Debug */ = {
			isa = XCBuildConfiguration;
			buildSettings = {
				ALWAYS_SEARCH_USER_PATHS = NO;
				CLANG_ANALYZER_NONNULL = YES;
				CLANG_ANALYZER_NUMBER_OBJECT_CONVERSION = YES_AGGRESSIVE;
				CLANG_CXX_LANGUAGE_STANDARD = "gnu++14";
				CLANG_CXX_LIBRARY = "libc++";
				CLANG_ENABLE_MODULES = YES;
				CLANG_ENABLE_OBJC_ARC = YES;
				CLANG_ENABLE_OBJC_WEAK = YES;
				CLANG_WARN_BLOCK_CAPTURE_AUTORELEASING = YES;
				CLANG_WARN_BOOL_CONVERSION = YES;
				CLANG_WARN_COMMA = YES;
				CLANG_WARN_CONSTANT_CONVERSION = YES;
				CLANG_WARN_DEPRECATED_OBJC_IMPLEMENTATIONS = YES;
				CLANG_WARN_DIRECT_OBJC_ISA_USAGE = YES_ERROR;
				CLANG_WARN_DOCUMENTATION_COMMENTS = YES;
				CLANG_WARN_EMPTY_BODY = YES;
				CLANG_WARN_ENUM_CONVERSION = YES;
				CLANG_WARN_INFINITE_RECURSION = YES;
				CLANG_WARN_INT_CONVERSION = YES;
				CLANG_WARN_NON_LITERAL_NULL_CONVERSION = YES;
				CLANG_WARN_OBJC_IMPLICIT_RETAIN_SELF = YES;
				CLANG_WARN_OBJC_LITERAL_CONVERSION = YES;
				CLANG_WARN_OBJC_ROOT_CLASS = YES_ERROR;
				CLANG_WARN_QUOTED_INCLUDE_IN_FRAMEWORK_HEADER = YES;
				CLANG_WARN_RANGE_LOOP_ANALYSIS = YES;
				CLANG_WARN_STRICT_PROTOTYPES = YES;
				CLANG_WARN_SUSPICIOUS_MOVE = YES;
				CLANG_WARN_UNGUARDED_AVAILABILITY = YES_AGGRESSIVE;
				CLANG_WARN_UNREACHABLE_CODE = YES;
				CLANG_WARN__DUPLICATE_METHOD_MATCH = YES;
				COPY_PHASE_STRIP = NO;
				DEBUG_INFORMATION_FORMAT = dwarf;
				ENABLE_STRICT_OBJC_MSGSEND = YES;
				ENABLE_TESTABILITY = YES;
				GCC_C_LANGUAGE_STANDARD = gnu11;
				GCC_DYNAMIC_NO_PIC = NO;
				GCC_NO_COMMON_BLOCKS = YES;
				GCC_OPTIMIZATION_LEVEL = 0;
				GCC_PREPROCESSOR_DEFINITIONS = (
					"DEBUG=1",
					"$(inherited)",
				);
				GCC_WARN_64_TO_32_BIT_CONVERSION = YES;
				GCC_WARN_ABOUT_RETURN_TYPE = YES_ERROR;
				GCC_WARN_UNDECLARED_SELECTOR = YES;
				GCC_WARN_UNINITIALIZED_AUTOS = YES_AGGRESSIVE;
				GCC_WARN_UNUSED_FUNCTION = YES;
				GCC_WARN_UNUSED_VARIABLE = YES;
				IPHONEOS_DEPLOYMENT_TARGET = 14.0;
				MTL_ENABLE_DEBUG_INFO = INCLUDE_SOURCE;
				MTL_FAST_MATH = YES;
				ONLY_ACTIVE_ARCH = YES;
				SDKROOT = iphoneos;
				SWIFT_ACTIVE_COMPILATION_CONDITIONS = DEBUG;
				SWIFT_OPTIMIZATION_LEVEL = "-Onone";
			};
			name = Debug;
		};
		0FA150762557B70900C65476 /* Release */ = {
			isa = XCBuildConfiguration;
			buildSettings = {
				ALWAYS_SEARCH_USER_PATHS = NO;
				CLANG_ANALYZER_NONNULL = YES;
				CLANG_ANALYZER_NUMBER_OBJECT_CONVERSION = YES_AGGRESSIVE;
				CLANG_CXX_LANGUAGE_STANDARD = "gnu++14";
				CLANG_CXX_LIBRARY = "libc++";
				CLANG_ENABLE_MODULES = YES;
				CLANG_ENABLE_OBJC_ARC = YES;
				CLANG_ENABLE_OBJC_WEAK = YES;
				CLANG_WARN_BLOCK_CAPTURE_AUTORELEASING = YES;
				CLANG_WARN_BOOL_CONVERSION = YES;
				CLANG_WARN_COMMA = YES;
				CLANG_WARN_CONSTANT_CONVERSION = YES;
				CLANG_WARN_DEPRECATED_OBJC_IMPLEMENTATIONS = YES;
				CLANG_WARN_DIRECT_OBJC_ISA_USAGE = YES_ERROR;
				CLANG_WARN_DOCUMENTATION_COMMENTS = YES;
				CLANG_WARN_EMPTY_BODY = YES;
				CLANG_WARN_ENUM_CONVERSION = YES;
				CLANG_WARN_INFINITE_RECURSION = YES;
				CLANG_WARN_INT_CONVERSION = YES;
				CLANG_WARN_NON_LITERAL_NULL_CONVERSION = YES;
				CLANG_WARN_OBJC_IMPLICIT_RETAIN_SELF = YES;
				CLANG_WARN_OBJC_LITERAL_CONVERSION = YES;
				CLANG_WARN_OBJC_ROOT_CLASS = YES_ERROR;
				CLANG_WARN_QUOTED_INCLUDE_IN_FRAMEWORK_HEADER = YES;
				CLANG_WARN_RANGE_LOOP_ANALYSIS = YES;
				CLANG_WARN_STRICT_PROTOTYPES = YES;
				CLANG_WARN_SUSPICIOUS_MOVE = YES;
				CLANG_WARN_UNGUARDED_AVAILABILITY = YES_AGGRESSIVE;
				CLANG_WARN_UNREACHABLE_CODE = YES;
				CLANG_WARN__DUPLICATE_METHOD_MATCH = YES;
				COPY_PHASE_STRIP = NO;
				DEBUG_INFORMATION_FORMAT = "dwarf-with-dsym";
				ENABLE_NS_ASSERTIONS = NO;
				ENABLE_STRICT_OBJC_MSGSEND = YES;
				GCC_C_LANGUAGE_STANDARD = gnu11;
				GCC_NO_COMMON_BLOCKS = YES;
				GCC_WARN_64_TO_32_BIT_CONVERSION = YES;
				GCC_WARN_ABOUT_RETURN_TYPE = YES_ERROR;
				GCC_WARN_UNDECLARED_SELECTOR = YES;
				GCC_WARN_UNINITIALIZED_AUTOS = YES_AGGRESSIVE;
				GCC_WARN_UNUSED_FUNCTION = YES;
				GCC_WARN_UNUSED_VARIABLE = YES;
				IPHONEOS_DEPLOYMENT_TARGET = 14.0;
				MTL_ENABLE_DEBUG_INFO = NO;
				MTL_FAST_MATH = YES;
				SDKROOT = iphoneos;
				SWIFT_COMPILATION_MODE = wholemodule;
				SWIFT_OPTIMIZATION_LEVEL = "-O";
				VALIDATE_PRODUCT = YES;
			};
			name = Release;
		};
		0FA150782557B70900C65476 /* Debug */ = {
			isa = XCBuildConfiguration;
			buildSettings = {
				ASSETCATALOG_COMPILER_APPICON_NAME = AppIcon;
				ASSETCATALOG_COMPILER_GLOBAL_ACCENT_COLOR_NAME = AccentColor;
				CODE_SIGN_STYLE = Automatic;
				INFOPLIST_FILE = QuizKids/Info.plist;
				LD_RUNPATH_SEARCH_PATHS = (
					"$(inherited)",
					"@executable_path/Frameworks",
				);
				PRODUCT_BUNDLE_IDENTIFIER = com.bagus..QuizKids;
				PRODUCT_NAME = "$(TARGET_NAME)";
				SWIFT_VERSION = 5.0;
				TARGETED_DEVICE_FAMILY = "1,2";
			};
			name = Debug;
		};
		0FA150792557B70900C65476 /* Release */ = {
			isa = XCBuildConfiguration;
			buildSettings = {
				ASSETCATALOG_COMPILER_APPICON_NAME = AppIcon;
				ASSETCATALOG_COMPILER_GLOBAL_ACCENT_COLOR_NAME = AccentColor;
				CODE_SIGN_STYLE = Automatic;
				INFOPLIST_FILE = QuizKids/Info.plist;
				LD_RUNPATH_SEARCH_PATHS = (
					"$(inherited)",
					"@executable_path/Frameworks",
				);
				PRODUCT_BUNDLE_IDENTIFIER = com.bagus..QuizKids;
				PRODUCT_NAME = "$(TARGET_NAME)";
				SWIFT_VERSION = 5.0;
				TARGETED_DEVICE_FAMILY = "1,2";
			};
			name = Release;
		};
		0FA1507B2557B70900C65476 /* Debug */ = {
			isa = XCBuildConfiguration;
			buildSettings = {
				ALWAYS_EMBED_SWIFT_STANDARD_LIBRARIES = YES;
				BUNDLE_LOADER = "$(TEST_HOST)";
				CODE_SIGN_STYLE = Automatic;
				INFOPLIST_FILE = QuizKidsTests/Info.plist;
				IPHONEOS_DEPLOYMENT_TARGET = 14.0;
				LD_RUNPATH_SEARCH_PATHS = (
					"$(inherited)",
					"@executable_path/Frameworks",
					"@loader_path/Frameworks",
				);
				PRODUCT_BUNDLE_IDENTIFIER = com.bagus..QuizKidsTests;
				PRODUCT_NAME = "$(TARGET_NAME)";
				SWIFT_VERSION = 5.0;
				TARGETED_DEVICE_FAMILY = "1,2";
				TEST_HOST = "$(BUILT_PRODUCTS_DIR)/QuizKids.app/QuizKids";
			};
			name = Debug;
		};
		0FA1507C2557B70900C65476 /* Release */ = {
			isa = XCBuildConfiguration;
			buildSettings = {
				ALWAYS_EMBED_SWIFT_STANDARD_LIBRARIES = YES;
				BUNDLE_LOADER = "$(TEST_HOST)";
				CODE_SIGN_STYLE = Automatic;
				INFOPLIST_FILE = QuizKidsTests/Info.plist;
				IPHONEOS_DEPLOYMENT_TARGET = 14.0;
				LD_RUNPATH_SEARCH_PATHS = (
					"$(inherited)",
					"@executable_path/Frameworks",
					"@loader_path/Frameworks",
				);
				PRODUCT_BUNDLE_IDENTIFIER = com.bagus..QuizKidsTests;
				PRODUCT_NAME = "$(TARGET_NAME)";
				SWIFT_VERSION = 5.0;
				TARGETED_DEVICE_FAMILY = "1,2";
				TEST_HOST = "$(BUILT_PRODUCTS_DIR)/QuizKids.app/QuizKids";
			};
			name = Release;
		};
		0FA1507E2557B70900C65476 /* Debug */ = {
			isa = XCBuildConfiguration;
			buildSettings = {
				ALWAYS_EMBED_SWIFT_STANDARD_LIBRARIES = YES;
				CODE_SIGN_STYLE = Automatic;
				INFOPLIST_FILE = QuizKidsUITests/Info.plist;
				LD_RUNPATH_SEARCH_PATHS = (
					"$(inherited)",
					"@executable_path/Frameworks",
					"@loader_path/Frameworks",
				);
				PRODUCT_BUNDLE_IDENTIFIER = com.bagus..QuizKidsUITests;
				PRODUCT_NAME = "$(TARGET_NAME)";
				SWIFT_VERSION = 5.0;
				TARGETED_DEVICE_FAMILY = "1,2";
				TEST_TARGET_NAME = QuizKids;
			};
			name = Debug;
		};
		0FA1507F2557B70900C65476 /* Release */ = {
			isa = XCBuildConfiguration;
			buildSettings = {
				ALWAYS_EMBED_SWIFT_STANDARD_LIBRARIES = YES;
				CODE_SIGN_STYLE = Automatic;
				INFOPLIST_FILE = QuizKidsUITests/Info.plist;
				LD_RUNPATH_SEARCH_PATHS = (
					"$(inherited)",
					"@executable_path/Frameworks",
					"@loader_path/Frameworks",
				);
				PRODUCT_BUNDLE_IDENTIFIER = com.bagus..QuizKidsUITests;
				PRODUCT_NAME = "$(TARGET_NAME)";
				SWIFT_VERSION = 5.0;
				TARGETED_DEVICE_FAMILY = "1,2";
				TEST_TARGET_NAME = QuizKids;
			};
			name = Release;
		};
/* End XCBuildConfiguration section */

/* Begin XCConfigurationList section */
		0FA150482557B70600C65476 /* Build configuration list for PBXProject "QuizKids" */ = {
			isa = XCConfigurationList;
			buildConfigurations = (
				0FA150752557B70900C65476 /* Debug */,
				0FA150762557B70900C65476 /* Release */,
			);
			defaultConfigurationIsVisible = 0;
			defaultConfigurationName = Release;
		};
		0FA150772557B70900C65476 /* Build configuration list for PBXNativeTarget "QuizKids" */ = {
			isa = XCConfigurationList;
			buildConfigurations = (
				0FA150782557B70900C65476 /* Debug */,
				0FA150792557B70900C65476 /* Release */,
			);
			defaultConfigurationIsVisible = 0;
			defaultConfigurationName = Release;
		};
		0FA1507A2557B70900C65476 /* Build configuration list for PBXNativeTarget "QuizKidsTests" */ = {
			isa = XCConfigurationList;
			buildConfigurations = (
				0FA1507B2557B70900C65476 /* Debug */,
				0FA1507C2557B70900C65476 /* Release */,
			);
			defaultConfigurationIsVisible = 0;
			defaultConfigurationName = Release;
		};
		0FA1507D2557B70900C65476 /* Build configuration list for PBXNativeTarget "QuizKidsUITests" */ = {
			isa = XCConfigurationList;
			buildConfigurations = (
				0FA1507E2557B70900C65476 /* Debug */,
				0FA1507F2557B70900C65476 /* Release */,
			);
			defaultConfigurationIsVisible = 0;
			defaultConfigurationName = Release;
		};
/* End XCConfigurationList section */
	};
	rootObject = 0FA150452557B70600C65476 /* Project object */;
}
